
Microsoft Visual Studio Solution File, Format Version 12.00
# Visual Studio Version 17
VisualStudioVersion = 17.0.31903.59
MinimumVisualStudioVersion = 10.0.40219.1
Project("{2150E333-8FDC-42A3-9474-1A3956D46DE8}") = "src", "src", "{4D4AA9C4-06F7-4CD8-98AE-B1263E304E3A}"
EndProject
Project("{2150E333-8FDC-42A3-9474-1A3956D46DE8}") = "Core", "Core", "{4BE8EF2A-793D-47B5-9C56-6184735582BA}"
EndProject
Project("{FAE04EC0-301F-11D3-BF4B-00C04F79EFBC}") = "Aplication", "Aplication\Aplication.csproj", "{B448DB5C-9CBC-4598-B219-0B5CC51E0349}"
EndProject
Project("{FAE04EC0-301F-11D3-BF4B-00C04F79EFBC}") = "Domain", "Domain\Domain.csproj", "{5CB51608-6D3A-456A-8A23-E1D260EE4844}"
EndProject
Project("{2150E333-8FDC-42A3-9474-1A3956D46DE8}") = "Infraestructure", "Infraestructure", "{5F9030A2-88E5-4B27-89EC-4DB0E06E10BF}"
EndProject
Project("{FAE04EC0-301F-11D3-BF4B-00C04F79EFBC}") = "Persistence", "Persistence\Persistence.csproj", "{72849C7C-0B8E-4F74-95CD-4FFF7EA51C52}"
EndProject
Project("{FAE04EC0-301F-11D3-BF4B-00C04F79EFBC}") = "Shared", "Shared\Shared.csproj", "{6556D755-2389-4801-87D2-49B0C8F5D5D7}"
EndProject
Project("{2150E333-8FDC-42A3-9474-1A3956D46DE8}") = "Presentation", "Presentation", "{BF8C8883-6804-49E7-9E07-BEE7C1504B05}"
EndProject
Project("{FAE04EC0-301F-11D3-BF4B-00C04F79EFBC}") = "WebAPI", "WebAPI\WebAPI.csproj", "{D357A864-319C-4FC1-BFC9-BE11FE64D67C}"
EndProject
Global
	GlobalSection(SolutionConfigurationPlatforms) = preSolution
		Debug|Any CPU = Debug|Any CPU
		Release|Any CPU = Release|Any CPU
	EndGlobalSection
	GlobalSection(SolutionProperties) = preSolution
		HideSolutionNode = FALSE
	EndGlobalSection
	GlobalSection(ProjectConfigurationPlatforms) = postSolution
		{B448DB5C-9CBC-4598-B219-0B5CC51E0349}.Debug|Any CPU.ActiveCfg = Debug|Any CPU
		{B448DB5C-9CBC-4598-B219-0B5CC51E0349}.Debug|Any CPU.Build.0 = Debug|Any CPU
		{B448DB5C-9CBC-4598-B219-0B5CC51E0349}.Release|Any CPU.ActiveCfg = Release|Any CPU
		{B448DB5C-9CBC-4598-B219-0B5CC51E0349}.Release|Any CPU.Build.0 = Release|Any CPU
		{5CB51608-6D3A-456A-8A23-E1D260EE4844}.Debug|Any CPU.ActiveCfg = Debug|Any CPU
		{5CB51608-6D3A-456A-8A23-E1D260EE4844}.Debug|Any CPU.Build.0 = Debug|Any CPU
		{5CB51608-6D3A-456A-8A23-E1D260EE4844}.Release|Any CPU.ActiveCfg = Release|Any CPU
		{5CB51608-6D3A-456A-8A23-E1D260EE4844}.Release|Any CPU.Build.0 = Release|Any CPU
		{72849C7C-0B8E-4F74-95CD-4FFF7EA51C52}.Debug|Any CPU.ActiveCfg = Debug|Any CPU
		{72849C7C-0B8E-4F74-95CD-4FFF7EA51C52}.Debug|Any CPU.Build.0 = Debug|Any CPU
		{72849C7C-0B8E-4F74-95CD-4FFF7EA51C52}.Release|Any CPU.ActiveCfg = Release|Any CPU
		{72849C7C-0B8E-4F74-95CD-4FFF7EA51C52}.Release|Any CPU.Build.0 = Release|Any CPU
		{6556D755-2389-4801-87D2-49B0C8F5D5D7}.Debug|Any CPU.ActiveCfg = Debug|Any CPU
		{6556D755-2389-4801-87D2-49B0C8F5D5D7}.Debug|Any CPU.Build.0 = Debug|Any CPU
		{6556D755-2389-4801-87D2-49B0C8F5D5D7}.Release|Any CPU.ActiveCfg = Release|Any CPU
		{6556D755-2389-4801-87D2-49B0C8F5D5D7}.Release|Any CPU.Build.0 = Release|Any CPU
		{D357A864-319C-4FC1-BFC9-BE11FE64D67C}.Debug|Any CPU.ActiveCfg = Debug|Any CPU
		{D357A864-319C-4FC1-BFC9-BE11FE64D67C}.Debug|Any CPU.Build.0 = Debug|Any CPU
		{D357A864-319C-4FC1-BFC9-BE11FE64D67C}.Release|Any CPU.ActiveCfg = Release|Any CPU
		{D357A864-319C-4FC1-BFC9-BE11FE64D67C}.Release|Any CPU.Build.0 = Release|Any CPU
	EndGlobalSection
	GlobalSection(NestedProjects) = preSolution
		{4BE8EF2A-793D-47B5-9C56-6184735582BA} = {4D4AA9C4-06F7-4CD8-98AE-B1263E304E3A}
		{B448DB5C-9CBC-4598-B219-0B5CC51E0349} = {4BE8EF2A-793D-47B5-9C56-6184735582BA}
		{5CB51608-6D3A-456A-8A23-E1D260EE4844} = {4BE8EF2A-793D-47B5-9C56-6184735582BA}
		{5F9030A2-88E5-4B27-89EC-4DB0E06E10BF} = {4D4AA9C4-06F7-4CD8-98AE-B1263E304E3A}
		{72849C7C-0B8E-4F74-95CD-4FFF7EA51C52} = {5F9030A2-88E5-4B27-89EC-4DB0E06E10BF}
		{6556D755-2389-4801-87D2-49B0C8F5D5D7} = {5F9030A2-88E5-4B27-89EC-4DB0E06E10BF}
		{BF8C8883-6804-49E7-9E07-BEE7C1504B05} = {4D4AA9C4-06F7-4CD8-98AE-B1263E304E3A}
		{D357A864-319C-4FC1-BFC9-BE11FE64D67C} = {BF8C8883-6804-49E7-9E07-BEE7C1504B05}
	EndGlobalSection
EndGlobal
